
Microsoft Visual Studio Solution File, Format Version 12.00
# Visual Studio Version 17
VisualStudioVersion = 17.6.33815.320
MinimumVisualStudioVersion = 10.0.40219.1
Project("{FAE04EC0-301F-11D3-BF4B-00C04F79EFBC}") = "Grupo 1", "Grupo 1\Grupo 1.csproj", "{05467E18-B81C-4DC5-BDE7-B6145F5B11EA}"
EndProject
Global
	GlobalSection(SolutionConfigurationPlatforms) = preSolution
		Debug|Any CPU = Debug|Any CPU
		Release|Any CPU = Release|Any CPU
	EndGlobalSection
	GlobalSection(ProjectConfigurationPlatforms) = postSolution
		{05467E18-B81C-4DC5-BDE7-B6145F5B11EA}.Debug|Any CPU.ActiveCfg = Debug|Any CPU
		{05467E18-B81C-4DC5-BDE7-B6145F5B11EA}.Debug|Any CPU.Build.0 = Debug|Any CPU
		{05467E18-B81C-4DC5-BDE7-B6145F5B11EA}.Release|Any CPU.ActiveCfg = Release|Any CPU
		{05467E18-B81C-4DC5-BDE7-B6145F5B11EA}.Release|Any CPU.Build.0 = Release|Any CPU
	EndGlobalSection
	GlobalSection(SolutionProperties) = preSolution
		HideSolutionNode = FALSE
	EndGlobalSection
	GlobalSection(ExtensibilityGlobals) = postSolution
		SolutionGuid = {46638446-7740-44F5-9601-34745644EFB2}
	EndGlobalSection
EndGlobal
